{
  "requires": true,
  "lockfileVersion": 1,
  "dependencies": {
    "markov-text-generator": {
      "version": "1.0.2",
      "resolved": "https://registry.npmjs.org/markov-text-generator/-/markov-text-generator-1.0.2.tgz",
      "integrity": "sha512-jmHLawYJRdjPyim+vRPWPd/5u6hlCsJkdkOVneqS6jdYzO7zows023z71cNgdKTEoTvIpVCISsy8qp9rBYdpgA==",
      "requires": {
        "seedrandom": "^3.0.5"
      }
    },
    "seedrandom": {
      "version": "3.0.5",
      "resolved": "https://registry.npmjs.org/seedrandom/-/seedrandom-3.0.5.tgz",
      "integrity": "sha512-8OwmbklUNzwezjGInmZ+2clQmExQPvomqjL7LFqOYqtmuxRgQYqOD3mHaU+MvZn5FLUeVxVfQjwLZW/n/JFuqg=="
    }
  }
}
